{
  "requires": true,
  "lockfileVersion": 1,
  "dependencies": {
    "@types/k6": {
      "version": "0.32.2",
      "resolved": "https://registry.npmjs.org/@types/k6/-/k6-0.32.2.tgz",
      "integrity": "sha512-DUHGrqAaQgwQ3h+XYtUx//SfL26UXetdMjxvT1q9Kb2OM2eOYA2Aa9jqcwp7B1Tbf97CWFx0t2Ma9ONqMsDmaw=="
    }
  }
}
