{
  "name": "data-param",
  "version": "1.0.0",
  "lockfileVersion": 1,
  "requires": true,
  "dependencies": {
    "@types/k6": {
      "version": "0.32.2",
      "resolved": "https://registry.npmjs.org/@types/k6/-/k6-0.32.2.tgz",
      "integrity": "sha512-DUHGrqAaQgwQ3h+XYtUx//SfL26UXetdMjxvT1q9Kb2OM2eOYA2Aa9jqcwp7B1Tbf97CWFx0t2Ma9ONqMsDmaw==",
      "dev": true
    },
    "faker": {
      "version": "5.5.3",
      "resolved": "https://registry.npmjs.org/faker/-/faker-5.5.3.tgz",
      "integrity": "sha512-wLTv2a28wjUyWkbnX7u/ABZBkUkIF2fCd73V6P2oFqEGEktDfzWx4UxrSqtPRw0xPRAcjeAOIiJWqZm3pP4u3g=="
    }
  }
}
